
Microsoft Visual Studio Solution File, Format Version 12.00
# Visual Studio 15
VisualStudioVersion = 15.0.28010.2019
MinimumVisualStudioVersion = 10.0.40219.1
Project("{8BC9CEB8-8B4A-11D0-8D11-00A0C91BC942}") = "MusicDS", "MusicDS\MusicDS.vcxproj", "{E047D423-F79A-4C13-A202-8C50AEE7A19B}"
EndProject
Project("{8BC9CEB8-8B4A-11D0-8D11-00A0C91BC942}") = "midifile", "midifile\visual-studio\midifile.vcxproj", "{70028D4B-8E0D-4FF2-BD05-D7AB19B66F30}"
EndProject
Project("{8BC9CEB8-8B4A-11D0-8D11-00A0C91BC942}") = "GeneticAlgorithm", "GeneticAlgorithm\GeneticAlgorithm.vcxproj", "{50E58FAA-BF55-41C2-8A0A-CF80228C50D7}"
EndProject
Project("{8BC9CEB8-8B4A-11D0-8D11-00A0C91BC942}") = "Experimentation", "Experimentation\Experimentation.vcxproj", "{84DC13AC-0ED8-4A48-B0C6-668AA495CCF5}"
EndProject
Project("{FAE04EC0-301F-11D3-BF4B-00C04F79EFBC}") = "MusicGA", "MusicGA\MusicGA.csproj", "{4FD8FCE8-654B-4DCC-AF96-E7357167FE6C}"
EndProject
Global
	GlobalSection(SolutionConfigurationPlatforms) = preSolution
		Debug|Any CPU = Debug|Any CPU
		Debug|x64 = Debug|x64
		Debug|x86 = Debug|x86
		Release|Any CPU = Release|Any CPU
		Release|x64 = Release|x64
		Release|x86 = Release|x86
	EndGlobalSection
	GlobalSection(ProjectConfigurationPlatforms) = postSolution
		{E047D423-F79A-4C13-A202-8C50AEE7A19B}.Debug|Any CPU.ActiveCfg = Debug|Win32
		{E047D423-F79A-4C13-A202-8C50AEE7A19B}.Debug|x64.ActiveCfg = Debug|x64
		{E047D423-F79A-4C13-A202-8C50AEE7A19B}.Debug|x64.Build.0 = Debug|x64
		{E047D423-F79A-4C13-A202-8C50AEE7A19B}.Debug|x86.ActiveCfg = Debug|Win32
		{E047D423-F79A-4C13-A202-8C50AEE7A19B}.Debug|x86.Build.0 = Debug|Win32
		{E047D423-F79A-4C13-A202-8C50AEE7A19B}.Release|Any CPU.ActiveCfg = Release|Win32
		{E047D423-F79A-4C13-A202-8C50AEE7A19B}.Release|x64.ActiveCfg = Release|x64
		{E047D423-F79A-4C13-A202-8C50AEE7A19B}.Release|x64.Build.0 = Release|x64
		{E047D423-F79A-4C13-A202-8C50AEE7A19B}.Release|x86.ActiveCfg = Release|Win32
		{E047D423-F79A-4C13-A202-8C50AEE7A19B}.Release|x86.Build.0 = Release|Win32
		{70028D4B-8E0D-4FF2-BD05-D7AB19B66F30}.Debug|Any CPU.ActiveCfg = Debug|Win32
		{70028D4B-8E0D-4FF2-BD05-D7AB19B66F30}.Debug|x64.ActiveCfg = Debug|x64
		{70028D4B-8E0D-4FF2-BD05-D7AB19B66F30}.Debug|x64.Build.0 = Debug|x64
		{70028D4B-8E0D-4FF2-BD05-D7AB19B66F30}.Debug|x86.ActiveCfg = Debug|Win32
		{70028D4B-8E0D-4FF2-BD05-D7AB19B66F30}.Debug|x86.Build.0 = Debug|Win32
		{70028D4B-8E0D-4FF2-BD05-D7AB19B66F30}.Release|Any CPU.ActiveCfg = Release|Win32
		{70028D4B-8E0D-4FF2-BD05-D7AB19B66F30}.Release|x64.ActiveCfg = Release|x64
		{70028D4B-8E0D-4FF2-BD05-D7AB19B66F30}.Release|x64.Build.0 = Release|x64
		{70028D4B-8E0D-4FF2-BD05-D7AB19B66F30}.Release|x86.ActiveCfg = Release|Win32
		{70028D4B-8E0D-4FF2-BD05-D7AB19B66F30}.Release|x86.Build.0 = Release|Win32
		{50E58FAA-BF55-41C2-8A0A-CF80228C50D7}.Debug|Any CPU.ActiveCfg = Debug|Win32
		{50E58FAA-BF55-41C2-8A0A-CF80228C50D7}.Debug|x64.ActiveCfg = Debug|x64
		{50E58FAA-BF55-41C2-8A0A-CF80228C50D7}.Debug|x64.Build.0 = Debug|x64
		{50E58FAA-BF55-41C2-8A0A-CF80228C50D7}.Debug|x86.ActiveCfg = Debug|Win32
		{50E58FAA-BF55-41C2-8A0A-CF80228C50D7}.Debug|x86.Build.0 = Debug|Win32
		{50E58FAA-BF55-41C2-8A0A-CF80228C50D7}.Release|Any CPU.ActiveCfg = Release|Win32
		{50E58FAA-BF55-41C2-8A0A-CF80228C50D7}.Release|x64.ActiveCfg = Release|x64
		{50E58FAA-BF55-41C2-8A0A-CF80228C50D7}.Release|x64.Build.0 = Release|x64
		{50E58FAA-BF55-41C2-8A0A-CF80228C50D7}.Release|x86.ActiveCfg = Release|Win32
		{50E58FAA-BF55-41C2-8A0A-CF80228C50D7}.Release|x86.Build.0 = Release|Win32
		{84DC13AC-0ED8-4A48-B0C6-668AA495CCF5}.Debug|Any CPU.ActiveCfg = Debug|Win32
		{84DC13AC-0ED8-4A48-B0C6-668AA495CCF5}.Debug|x64.ActiveCfg = Debug|x64
		{84DC13AC-0ED8-4A48-B0C6-668AA495CCF5}.Debug|x64.Build.0 = Debug|x64
		{84DC13AC-0ED8-4A48-B0C6-668AA495CCF5}.Debug|x86.ActiveCfg = Debug|Win32
		{84DC13AC-0ED8-4A48-B0C6-668AA495CCF5}.Debug|x86.Build.0 = Debug|Win32
		{84DC13AC-0ED8-4A48-B0C6-668AA495CCF5}.Release|Any CPU.ActiveCfg = Release|Win32
		{84DC13AC-0ED8-4A48-B0C6-668AA495CCF5}.Release|x64.ActiveCfg = Release|x64
		{84DC13AC-0ED8-4A48-B0C6-668AA495CCF5}.Release|x64.Build.0 = Release|x64
		{84DC13AC-0ED8-4A48-B0C6-668AA495CCF5}.Release|x86.ActiveCfg = Release|Win32
		{84DC13AC-0ED8-4A48-B0C6-668AA495CCF5}.Release|x86.Build.0 = Release|Win32
		{4FD8FCE8-654B-4DCC-AF96-E7357167FE6C}.Debug|Any CPU.ActiveCfg = Debug|Any CPU
		{4FD8FCE8-654B-4DCC-AF96-E7357167FE6C}.Debug|Any CPU.Build.0 = Debug|Any CPU
		{4FD8FCE8-654B-4DCC-AF96-E7357167FE6C}.Debug|x64.ActiveCfg = Debug|Any CPU
		{4FD8FCE8-654B-4DCC-AF96-E7357167FE6C}.Debug|x64.Build.0 = Debug|Any CPU
		{4FD8FCE8-654B-4DCC-AF96-E7357167FE6C}.Debug|x86.ActiveCfg = Debug|Any CPU
		{4FD8FCE8-654B-4DCC-AF96-E7357167FE6C}.Debug|x86.Build.0 = Debug|Any CPU
		{4FD8FCE8-654B-4DCC-AF96-E7357167FE6C}.Release|Any CPU.ActiveCfg = Release|Any CPU
		{4FD8FCE8-654B-4DCC-AF96-E7357167FE6C}.Release|Any CPU.Build.0 = Release|Any CPU
		{4FD8FCE8-654B-4DCC-AF96-E7357167FE6C}.Release|x64.ActiveCfg = Release|Any CPU
		{4FD8FCE8-654B-4DCC-AF96-E7357167FE6C}.Release|x64.Build.0 = Release|Any CPU
		{4FD8FCE8-654B-4DCC-AF96-E7357167FE6C}.Release|x86.ActiveCfg = Release|Any CPU
		{4FD8FCE8-654B-4DCC-AF96-E7357167FE6C}.Release|x86.Build.0 = Release|Any CPU
	EndGlobalSection
	GlobalSection(SolutionProperties) = preSolution
		HideSolutionNode = FALSE
	EndGlobalSection
	GlobalSection(ExtensibilityGlobals) = postSolution
		SolutionGuid = {5427F7F7-836D-4C4E-A475-EB7D3EEC08AF}
	EndGlobalSection
EndGlobal
