<?xml version="1.0" encoding="utf-8"?>
<Project ToolsVersion="4.0" xmlns="http://schemas.microsoft.com/developer/msbuild/2003">
  <ItemGroup>
    <Filter Include="Source Files">
      <UniqueIdentifier>{4FC737F1-C7A5-4376-A066-2A32D752A2FF}</UniqueIdentifier>
      <Extensions>cpp;c;cc;cxx;def;odl;idl;hpj;bat;asm;asmx</Extensions>
    </Filter>
    <Filter Include="Header Files">
      <UniqueIdentifier>{93995380-89BD-4b04-88EB-625FBE52EBFB}</UniqueIdentifier>
      <Extensions>h;hh;hpp;hxx;hm;inl;inc;ipp;xsd</Extensions>
    </Filter>
    <Filter Include="Resource Files">
      <UniqueIdentifier>{67DA6AB6-F800-4c08-8B7A-83BB121AAD01}</UniqueIdentifier>
      <Extensions>rc;ico;cur;bmp;dlg;rc2;rct;bin;rgs;gif;jpg;jpeg;jpe;resx;tiff;tif;png;wav;mfcribbon-ms</Extensions>
    </Filter>
  </ItemGroup>
  <ItemGroup>
    <ClInclude Include="include\Composition.h">
      <Filter>Header Files</Filter>
    </ClInclude>
    <ClInclude Include="include\Definitions.h">
      <Filter>Header Files</Filter>
    </ClInclude>
    <ClInclude Include="include\Duration.h">
      <Filter>Header Files</Filter>
    </ClInclude>
    <ClInclude Include="include\Durations.h">
      <Filter>Header Files</Filter>
    </ClInclude>
    <ClInclude Include="include\Dynamic.h">
      <Filter>Header Files</Filter>
    </ClInclude>
    <ClInclude Include="include\Functions.h">
      <Filter>Header Files</Filter>
    </ClInclude>
    <ClInclude Include="include\Instruments.h">
      <Filter>Header Files</Filter>
    </ClInclude>
    <ClInclude Include="include\Key.h">
      <Filter>Header Files</Filter>
    </ClInclude>
    <ClInclude Include="include\Keys.h">
      <Filter>Header Files</Filter>
    </ClInclude>
    <ClInclude Include="include\Measure.h">
      <Filter>Header Files</Filter>
    </ClInclude>
    <ClInclude Include="include\MusicDS.h">
      <Filter>Header Files</Filter>
    </ClInclude>
    <ClInclude Include="include\Note.h">
      <Filter>Header Files</Filter>
    </ClInclude>
    <ClInclude Include="include\Part.h">
      <Filter>Header Files</Filter>
    </ClInclude>
    <ClInclude Include="include\Pitch.h">
      <Filter>Header Files</Filter>
    </ClInclude>
    <ClInclude Include="include\PitchClasses.h">
      <Filter>Header Files</Filter>
    </ClInclude>
    <ClInclude Include="include\Pitches.h">
      <Filter>Header Files</Filter>
    </ClInclude>
    <ClInclude Include="include\MidIO.h">
      <Filter>Header Files</Filter>
    </ClInclude>
    <ClInclude Include="include\BPM.h">
      <Filter>Header Files</Filter>
    </ClInclude>
    <ClInclude Include="include\TimeSignature.h">
      <Filter>Header Files</Filter>
    </ClInclude>
    <ClInclude Include="include\Intervals.h">
      <Filter>Header Files</Filter>
    </ClInclude>
    <ClInclude Include="include\Chord.h">
      <Filter>Header Files</Filter>
    </ClInclude>
    <ClInclude Include="include\Chords.h">
      <Filter>Header Files</Filter>
    </ClInclude>
    <ClInclude Include="include\ChordProgression.h">
      <Filter>Header Files</Filter>
    </ClInclude>
  </ItemGroup>
  <ItemGroup>
    <ClCompile Include="src\Composition.cpp">
      <Filter>Source Files</Filter>
    </ClCompile>
    <ClCompile Include="src\Duration.cpp">
      <Filter>Source Files</Filter>
    </ClCompile>
    <ClCompile Include="src\Functions.cpp">
      <Filter>Source Files</Filter>
    </ClCompile>
    <ClCompile Include="src\Key.cpp">
      <Filter>Source Files</Filter>
    </ClCompile>
    <ClCompile Include="src\Measure.cpp">
      <Filter>Source Files</Filter>
    </ClCompile>
    <ClCompile Include="src\Note.cpp">
      <Filter>Source Files</Filter>
    </ClCompile>
    <ClCompile Include="src\Part.cpp">
      <Filter>Source Files</Filter>
    </ClCompile>
    <ClCompile Include="src\Pitch.cpp">
      <Filter>Source Files</Filter>
    </ClCompile>
    <ClCompile Include="src\MidIO.cpp">
      <Filter>Source Files</Filter>
    </ClCompile>
    <ClCompile Include="include\Chord.cpp">
      <Filter>Source Files</Filter>
    </ClCompile>
    <ClCompile Include="include\ChordProgression.cpp">
      <Filter>Source Files</Filter>
    </ClCompile>
  </ItemGroup>
</Project>